
Microsoft Visual Studio Solution File, Format Version 12.00
# Visual Studio Version 16
VisualStudioVersion = 16.0.30517.126
MinimumVisualStudioVersion = 10.0.40219.1
Project("{FAE04EC0-301F-11D3-BF4B-00C04F79EFBC}") = "ImageUploadToDB", "ImageUploadToDB\ImageUploadToDB.csproj", "{C240BA2E-F4C4-4808-B467-3C0798DC8AC9}"
EndProject
Global
	GlobalSection(SolutionConfigurationPlatforms) = preSolution
		Debug|Any CPU = Debug|Any CPU
		Release|Any CPU = Release|Any CPU
	EndGlobalSection
	GlobalSection(ProjectConfigurationPlatforms) = postSolution
		{C240BA2E-F4C4-4808-B467-3C0798DC8AC9}.Debug|Any CPU.ActiveCfg = Debug|Any CPU
		{C240BA2E-F4C4-4808-B467-3C0798DC8AC9}.Debug|Any CPU.Build.0 = Debug|Any CPU
		{C240BA2E-F4C4-4808-B467-3C0798DC8AC9}.Release|Any CPU.ActiveCfg = Release|Any CPU
		{C240BA2E-F4C4-4808-B467-3C0798DC8AC9}.Release|Any CPU.Build.0 = Release|Any CPU
	EndGlobalSection
	GlobalSection(SolutionProperties) = preSolution
		HideSolutionNode = FALSE
	EndGlobalSection
	GlobalSection(ExtensibilityGlobals) = postSolution
		SolutionGuid = {8DC5C623-5712-4F2C-A19F-EEB1436C034A}
	EndGlobalSection
EndGlobal
